// !$*UTF8*$!
{
	archiveVersion = 1;
	classes = {
	};
	objectVersion = 50;
	objects = {

/* Begin PBXBuildFile section */
		4613C16F22BF669800105090 /* Wordlist.swift in Sources */ = {isa = PBXBuildFile; fileRef = 4613C16E22BF669800105090 /* Wordlist.swift */; };
		4613C17122BF69ED00105090 /* WordlistViewController.swift in Sources */ = {isa = PBXBuildFile; fileRef = 4613C17022BF69ED00105090 /* WordlistViewController.swift */; };
		461406A722C052FA002B5EB3 /* WordSearchViewController.swift in Sources */ = {isa = PBXBuildFile; fileRef = 461406A622C052FA002B5EB3 /* WordSearchViewController.swift */; };
		46507D1522DD8F2C002A9A7E /* DataModel.swift in Sources */ = {isa = PBXBuildFile; fileRef = 46507D1422DD8F2C002A9A7E /* DataModel.swift */; };
		467B3B2D2304819700FFC371 /* UIColor+AppColors.swift in Sources */ = {isa = PBXBuildFile; fileRef = 467B3B2C2304819700FFC371 /* UIColor+AppColors.swift */; };
		467BCBC72256E95B00EE441B /* WordSearch.swift in Sources */ = {isa = PBXBuildFile; fileRef = 467BCBC62256E95B00EE441B /* WordSearch.swift */; };
		468358EF22E1774E00E5DA58 /* SettingsViewController.swift in Sources */ = {isa = PBXBuildFile; fileRef = 468358EE22E1774E00E5DA58 /* SettingsViewController.swift */; };
		468358F122E1864300E5DA58 /* Constants.swift in Sources */ = {isa = PBXBuildFile; fileRef = 468358F022E1864300E5DA58 /* Constants.swift */; };
		46863B48222E347000B8B3FB /* AppDelegate.swift in Sources */ = {isa = PBXBuildFile; fileRef = 46863B47222E347000B8B3FB /* AppDelegate.swift */; };
		46863B4A222E347000B8B3FB /* AllListsViewController.swift in Sources */ = {isa = PBXBuildFile; fileRef = 46863B49222E347000B8B3FB /* AllListsViewController.swift */; };
		46863B4D222E347000B8B3FB /* Main.storyboard in Resources */ = {isa = PBXBuildFile; fileRef = 46863B4B222E347000B8B3FB /* Main.storyboard */; };
		46863B4F222E347100B8B3FB /* Assets.xcassets in Resources */ = {isa = PBXBuildFile; fileRef = 46863B4E222E347100B8B3FB /* Assets.xcassets */; };
		4689C6672315B9BD0006812B /* WordSearchViewControllerTests.swift in Sources */ = {isa = PBXBuildFile; fileRef = 4689C6662315B9BD0006812B /* WordSearchViewControllerTests.swift */; };
		4689C6692315BB250006812B /* WordDetailViewControllerTests.swift in Sources */ = {isa = PBXBuildFile; fileRef = 4689C6682315BB250006812B /* WordDetailViewControllerTests.swift */; };
		4689C66B2315CB850006812B /* WordlistViewControllerTests.swift in Sources */ = {isa = PBXBuildFile; fileRef = 4689C66A2315CB850006812B /* WordlistViewControllerTests.swift */; };
		4689C66D2315CFFD0006812B /* ListDetailViewControllerTests.swift in Sources */ = {isa = PBXBuildFile; fileRef = 4689C66C2315CFFD0006812B /* ListDetailViewControllerTests.swift */; };
		4689C66F2315D23A0006812B /* AllListsViewControllerTests.swift in Sources */ = {isa = PBXBuildFile; fileRef = 4689C66E2315D23A0006812B /* AllListsViewControllerTests.swift */; };
		4698955B2315941800147B4D /* WordSearchGeneratorTests.swift in Sources */ = {isa = PBXBuildFile; fileRef = 4698955A2315941800147B4D /* WordSearchGeneratorTests.swift */; };
		46B1A1E922C08195000D40BA /* WordSearchButton.swift in Sources */ = {isa = PBXBuildFile; fileRef = 46B1A1E822C08195000D40BA /* WordSearchButton.swift */; };
		46C82B9922C031460094DC43 /* ListDetailViewController.swift in Sources */ = {isa = PBXBuildFile; fileRef = 46C82B9822C031460094DC43 /* ListDetailViewController.swift */; };
		46D10A0222C0409A005CFF04 /* WordDetailViewController.swift in Sources */ = {isa = PBXBuildFile; fileRef = 46D10A0122C0409A005CFF04 /* WordDetailViewController.swift */; };
		46FEBB522315A93E0077AD25 /* SettingsViewControllerTests.swift in Sources */ = {isa = PBXBuildFile; fileRef = 46FEBB512315A93E0077AD25 /* SettingsViewControllerTests.swift */; };
/* End PBXBuildFile section */

/* Begin PBXContainerItemProxy section */
		4698955D2315941800147B4D /* PBXContainerItemProxy */ = {
			isa = PBXContainerItemProxy;
			containerPortal = 46863B3C222E347000B8B3FB /* Project object */;
			proxyType = 1;
			remoteGlobalIDString = 46863B43222E347000B8B3FB;
			remoteInfo = WordSearchGenerator;
		};
/* End PBXContainerItemProxy section */

/* Begin PBXFileReference section */
		4613C16E22BF669800105090 /* Wordlist.swift */ = {isa = PBXFileReference; lastKnownFileType = sourcecode.swift; path = Wordlist.swift; sourceTree = "<group>"; };
		4613C17022BF69ED00105090 /* WordlistViewController.swift */ = {isa = PBXFileReference; lastKnownFileType = sourcecode.swift; path = WordlistViewController.swift; sourceTree = "<group>"; };
		461406A622C052FA002B5EB3 /* WordSearchViewController.swift */ = {isa = PBXFileReference; lastKnownFileType = sourcecode.swift; path = WordSearchViewController.swift; sourceTree = "<group>"; };
		46507D1422DD8F2C002A9A7E /* DataModel.swift */ = {isa = PBXFileReference; lastKnownFileType = sourcecode.swift; path = DataModel.swift; sourceTree = "<group>"; };
		467B3B2C2304819700FFC371 /* UIColor+AppColors.swift */ = {isa = PBXFileReference; lastKnownFileType = sourcecode.swift; path = "UIColor+AppColors.swift"; sourceTree = "<group>"; };
		467BCBC62256E95B00EE441B /* WordSearch.swift */ = {isa = PBXFileReference; lastKnownFileType = sourcecode.swift; path = WordSearch.swift; sourceTree = "<group>"; };
		468358EE22E1774E00E5DA58 /* SettingsViewController.swift */ = {isa = PBXFileReference; lastKnownFileType = sourcecode.swift; path = SettingsViewController.swift; sourceTree = "<group>"; };
		468358F022E1864300E5DA58 /* Constants.swift */ = {isa = PBXFileReference; lastKnownFileType = sourcecode.swift; path = Constants.swift; sourceTree = "<group>"; };
		46863B44222E347000B8B3FB /* WordSearchGenerator.app */ = {isa = PBXFileReference; explicitFileType = wrapper.application; includeInIndex = 0; path = WordSearchGenerator.app; sourceTree = BUILT_PRODUCTS_DIR; };
		46863B47222E347000B8B3FB /* AppDelegate.swift */ = {isa = PBXFileReference; lastKnownFileType = sourcecode.swift; path = AppDelegate.swift; sourceTree = "<group>"; };
		46863B49222E347000B8B3FB /* AllListsViewController.swift */ = {isa = PBXFileReference; lastKnownFileType = sourcecode.swift; path = AllListsViewController.swift; sourceTree = "<group>"; };
		46863B4C222E347000B8B3FB /* Base */ = {isa = PBXFileReference; lastKnownFileType = file.storyboard; name = Base; path = Base.lproj/Main.storyboard; sourceTree = "<group>"; };
		46863B4E222E347100B8B3FB /* Assets.xcassets */ = {isa = PBXFileReference; lastKnownFileType = folder.assetcatalog; path = Assets.xcassets; sourceTree = "<group>"; };
		46863B53222E347100B8B3FB /* Info.plist */ = {isa = PBXFileReference; lastKnownFileType = text.plist.xml; path = Info.plist; sourceTree = "<group>"; };
		4689C6662315B9BD0006812B /* WordSearchViewControllerTests.swift */ = {isa = PBXFileReference; lastKnownFileType = sourcecode.swift; path = WordSearchViewControllerTests.swift; sourceTree = "<group>"; };
		4689C6682315BB250006812B /* WordDetailViewControllerTests.swift */ = {isa = PBXFileReference; lastKnownFileType = sourcecode.swift; path = WordDetailViewControllerTests.swift; sourceTree = "<group>"; };
		4689C66A2315CB850006812B /* WordlistViewControllerTests.swift */ = {isa = PBXFileReference; lastKnownFileType = sourcecode.swift; path = WordlistViewControllerTests.swift; sourceTree = "<group>"; };
		4689C66C2315CFFD0006812B /* ListDetailViewControllerTests.swift */ = {isa = PBXFileReference; lastKnownFileType = sourcecode.swift; path = ListDetailViewControllerTests.swift; sourceTree = "<group>"; };
		4689C66E2315D23A0006812B /* AllListsViewControllerTests.swift */ = {isa = PBXFileReference; lastKnownFileType = sourcecode.swift; path = AllListsViewControllerTests.swift; sourceTree = "<group>"; };
		469895582315941800147B4D /* WordSearchGeneratorTests.xctest */ = {isa = PBXFileReference; explicitFileType = wrapper.cfbundle; includeInIndex = 0; path = WordSearchGeneratorTests.xctest; sourceTree = BUILT_PRODUCTS_DIR; };
		4698955A2315941800147B4D /* WordSearchGeneratorTests.swift */ = {isa = PBXFileReference; lastKnownFileType = sourcecode.swift; path = WordSearchGeneratorTests.swift; sourceTree = "<group>"; };
		4698955C2315941800147B4D /* Info.plist */ = {isa = PBXFileReference; lastKnownFileType = text.plist.xml; path = Info.plist; sourceTree = "<group>"; };
		46B1A1E822C08195000D40BA /* WordSearchButton.swift */ = {isa = PBXFileReference; lastKnownFileType = sourcecode.swift; path = WordSearchButton.swift; sourceTree = "<group>"; };
		46C82B9822C031460094DC43 /* ListDetailViewController.swift */ = {isa = PBXFileReference; lastKnownFileType = sourcecode.swift; path = ListDetailViewController.swift; sourceTree = "<group>"; };
		46D10A0122C0409A005CFF04 /* WordDetailViewController.swift */ = {isa = PBXFileReference; lastKnownFileType = sourcecode.swift; path = WordDetailViewController.swift; sourceTree = "<group>"; };
		46FEBB512315A93E0077AD25 /* SettingsViewControllerTests.swift */ = {isa = PBXFileReference; lastKnownFileType = sourcecode.swift; path = SettingsViewControllerTests.swift; sourceTree = "<group>"; };
/* End PBXFileReference section */

/* Begin PBXFrameworksBuildPhase section */
		46863B41222E347000B8B3FB /* Frameworks */ = {
			isa = PBXFrameworksBuildPhase;
			buildActionMask = 2147483647;
			files = (
			);
			runOnlyForDeploymentPostprocessing = 0;
		};
		469895552315941800147B4D /* Frameworks */ = {
			isa = PBXFrameworksBuildPhase;
			buildActionMask = 2147483647;
			files = (
			);
			runOnlyForDeploymentPostprocessing = 0;
		};
/* End PBXFrameworksBuildPhase section */

/* Begin PBXGroup section */
		4626EFDB237C9B0700F7DEFD /* View Controllers */ = {
			isa = PBXGroup;
			children = (
				46863B49222E347000B8B3FB /* AllListsViewController.swift */,
				46C82B9822C031460094DC43 /* ListDetailViewController.swift */,
				4613C17022BF69ED00105090 /* WordlistViewController.swift */,
				46D10A0122C0409A005CFF04 /* WordDetailViewController.swift */,
				461406A622C052FA002B5EB3 /* WordSearchViewController.swift */,
				468358EE22E1774E00E5DA58 /* SettingsViewController.swift */,
			);
			path = "View Controllers";
			sourceTree = "<group>";
		};
		4626EFDC237C9B3E00F7DEFD /* Views */ = {
			isa = PBXGroup;
			children = (
				46B1A1E822C08195000D40BA /* WordSearchButton.swift */,
			);
			path = Views;
			sourceTree = "<group>";
		};
		4626EFDD237C9B5300F7DEFD /* Model */ = {
			isa = PBXGroup;
			children = (
				4613C16E22BF669800105090 /* Wordlist.swift */,
				467BCBC62256E95B00EE441B /* WordSearch.swift */,
			);
			path = Model;
			sourceTree = "<group>";
		};
		4626EFDE237C9B7900F7DEFD /* Other Controllers */ = {
			isa = PBXGroup;
			children = (
				46507D1422DD8F2C002A9A7E /* DataModel.swift */,
			);
			path = "Other Controllers";
			sourceTree = "<group>";
		};
		4626EFE0237C9C4F00F7DEFD /* Extensions */ = {
			isa = PBXGroup;
			children = (
				467B3B2C2304819700FFC371 /* UIColor+AppColors.swift */,
			);
			path = Extensions;
			sourceTree = "<group>";
		};
		46863B3B222E347000B8B3FB = {
			isa = PBXGroup;
			children = (
				46863B46222E347000B8B3FB /* WordSearchGenerator */,
				469895592315941800147B4D /* WordSearchGeneratorTests */,
				46863B45222E347000B8B3FB /* Products */,
			);
			sourceTree = "<group>";
		};
		46863B45222E347000B8B3FB /* Products */ = {
			isa = PBXGroup;
			children = (
				46863B44222E347000B8B3FB /* WordSearchGenerator.app */,
				469895582315941800147B4D /* WordSearchGeneratorTests.xctest */,
			);
			name = Products;
			sourceTree = "<group>";
		};
		46863B46222E347000B8B3FB /* WordSearchGenerator */ = {
			isa = PBXGroup;
			children = (
				46863B47222E347000B8B3FB /* AppDelegate.swift */,
				46863B4B222E347000B8B3FB /* Main.storyboard */,
				4626EFDB237C9B0700F7DEFD /* View Controllers */,
				4626EFDC237C9B3E00F7DEFD /* Views */,
				4626EFDD237C9B5300F7DEFD /* Model */,
				4626EFDE237C9B7900F7DEFD /* Other Controllers */,
				4626EFE0237C9C4F00F7DEFD /* Extensions */,
				468358F022E1864300E5DA58 /* Constants.swift */,
				46863B4E222E347100B8B3FB /* Assets.xcassets */,
				46863B53222E347100B8B3FB /* Info.plist */,
			);
			path = WordSearchGenerator;
			sourceTree = "<group>";
		};
		469895592315941800147B4D /* WordSearchGeneratorTests */ = {
			isa = PBXGroup;
			children = (
				4698955A2315941800147B4D /* WordSearchGeneratorTests.swift */,
				4689C66E2315D23A0006812B /* AllListsViewControllerTests.swift */,
				4689C66C2315CFFD0006812B /* ListDetailViewControllerTests.swift */,
				4689C66A2315CB850006812B /* WordlistViewControllerTests.swift */,
				4689C6682315BB250006812B /* WordDetailViewControllerTests.swift */,
				4689C6662315B9BD0006812B /* WordSearchViewControllerTests.swift */,
				46FEBB512315A93E0077AD25 /* SettingsViewControllerTests.swift */,
				4698955C2315941800147B4D /* Info.plist */,
			);
			path = WordSearchGeneratorTests;
			sourceTree = "<group>";
		};
/* End PBXGroup section */

/* Begin PBXNativeTarget section */
		46863B43222E347000B8B3FB /* WordSearchGenerator */ = {
			isa = PBXNativeTarget;
			buildConfigurationList = 46863B56222E347100B8B3FB /* Build configuration list for PBXNativeTarget "WordSearchGenerator" */;
			buildPhases = (
				46863B40222E347000B8B3FB /* Sources */,
				46863B41222E347000B8B3FB /* Frameworks */,
				46863B42222E347000B8B3FB /* Resources */,
			);
			buildRules = (
			);
			dependencies = (
			);
			name = WordSearchGenerator;
			productName = WordSearchGenerator;
			productReference = 46863B44222E347000B8B3FB /* WordSearchGenerator.app */;
			productType = "com.apple.product-type.application";
		};
		469895572315941800147B4D /* WordSearchGeneratorTests */ = {
			isa = PBXNativeTarget;
			buildConfigurationList = 469895612315941800147B4D /* Build configuration list for PBXNativeTarget "WordSearchGeneratorTests" */;
			buildPhases = (
				469895542315941800147B4D /* Sources */,
				469895552315941800147B4D /* Frameworks */,
				469895562315941800147B4D /* Resources */,
			);
			buildRules = (
			);
			dependencies = (
				4698955E2315941800147B4D /* PBXTargetDependency */,
			);
			name = WordSearchGeneratorTests;
			productName = WordSearchGeneratorTests;
			productReference = 469895582315941800147B4D /* WordSearchGeneratorTests.xctest */;
			productType = "com.apple.product-type.bundle.unit-test";
		};
/* End PBXNativeTarget section */

/* Begin PBXProject section */
		46863B3C222E347000B8B3FB /* Project object */ = {
			isa = PBXProject;
			attributes = {
				LastSwiftUpdateCheck = 1030;
				LastUpgradeCheck = 1010;
				ORGANIZATIONNAME = "Leandro Rocha";
				TargetAttributes = {
					46863B43222E347000B8B3FB = {
						CreatedOnToolsVersion = 10.1;
						LastSwiftMigration = 1020;
					};
					469895572315941800147B4D = {
						CreatedOnToolsVersion = 10.3;
						TestTargetID = 46863B43222E347000B8B3FB;
					};
				};
			};
			buildConfigurationList = 46863B3F222E347000B8B3FB /* Build configuration list for PBXProject "WordSearchGenerator" */;
			compatibilityVersion = "Xcode 9.3";
			developmentRegion = en;
			hasScannedForEncodings = 0;
			knownRegions = (
				en,
				Base,
			);
			mainGroup = 46863B3B222E347000B8B3FB;
			productRefGroup = 46863B45222E347000B8B3FB /* Products */;
			projectDirPath = "";
			projectRoot = "";
			targets = (
				46863B43222E347000B8B3FB /* WordSearchGenerator */,
				469895572315941800147B4D /* WordSearchGeneratorTests */,
			);
		};
/* End PBXProject section */

/* Begin PBXResourcesBuildPhase section */
		46863B42222E347000B8B3FB /* Resources */ = {
			isa = PBXResourcesBuildPhase;
			buildActionMask = 2147483647;
			files = (
				46863B4F222E347100B8B3FB /* Assets.xcassets in Resources */,
				46863B4D222E347000B8B3FB /* Main.storyboard in Resources */,
			);
			runOnlyForDeploymentPostprocessing = 0;
		};
		469895562315941800147B4D /* Resources */ = {
			isa = PBXResourcesBuildPhase;
			buildActionMask = 2147483647;
			files = (
			);
			runOnlyForDeploymentPostprocessing = 0;
		};
/* End PBXResourcesBuildPhase section */

/* Begin PBXSourcesBuildPhase section */
		46863B40222E347000B8B3FB /* Sources */ = {
			isa = PBXSourcesBuildPhase;
			buildActionMask = 2147483647;
			files = (
				46863B4A222E347000B8B3FB /* AllListsViewController.swift in Sources */,
				461406A722C052FA002B5EB3 /* WordSearchViewController.swift in Sources */,
				46C82B9922C031460094DC43 /* ListDetailViewController.swift in Sources */,
				4613C17122BF69ED00105090 /* WordlistViewController.swift in Sources */,
				46507D1522DD8F2C002A9A7E /* DataModel.swift in Sources */,
				467B3B2D2304819700FFC371 /* UIColor+AppColors.swift in Sources */,
				46863B48222E347000B8B3FB /* AppDelegate.swift in Sources */,
				467BCBC72256E95B00EE441B /* WordSearch.swift in Sources */,
				4613C16F22BF669800105090 /* Wordlist.swift in Sources */,
				468358EF22E1774E00E5DA58 /* SettingsViewController.swift in Sources */,
				468358F122E1864300E5DA58 /* Constants.swift in Sources */,
				46D10A0222C0409A005CFF04 /* WordDetailViewController.swift in Sources */,
				46B1A1E922C08195000D40BA /* WordSearchButton.swift in Sources */,
			);
			runOnlyForDeploymentPostprocessing = 0;
		};
		469895542315941800147B4D /* Sources */ = {
			isa = PBXSourcesBuildPhase;
			buildActionMask = 2147483647;
			files = (
				4689C66F2315D23A0006812B /* AllListsViewControllerTests.swift in Sources */,
				4698955B2315941800147B4D /* WordSearchGeneratorTests.swift in Sources */,
				4689C66D2315CFFD0006812B /* ListDetailViewControllerTests.swift in Sources */,
				4689C66B2315CB850006812B /* WordlistViewControllerTests.swift in Sources */,
				46FEBB522315A93E0077AD25 /* SettingsViewControllerTests.swift in Sources */,
				4689C6672315B9BD0006812B /* WordSearchViewControllerTests.swift in Sources */,
				4689C6692315BB250006812B /* WordDetailViewControllerTests.swift in Sources */,
			);
			runOnlyForDeploymentPostprocessing = 0;
		};
/* End PBXSourcesBuildPhase section */

/* Begin PBXTargetDependency section */
		4698955E2315941800147B4D /* PBXTargetDependency */ = {
			isa = PBXTargetDependency;
			target = 46863B43222E347000B8B3FB /* WordSearchGenerator */;
			targetProxy = 4698955D2315941800147B4D /* PBXContainerItemProxy */;
		};
/* End PBXTargetDependency section */

/* Begin PBXVariantGroup section */
		46863B4B222E347000B8B3FB /* Main.storyboard */ = {
			isa = PBXVariantGroup;
			children = (
				46863B4C222E347000B8B3FB /* Base */,
			);
			name = Main.storyboard;
			sourceTree = "<group>";
		};
/* End PBXVariantGroup section */

/* Begin XCBuildConfiguration section */
		46863B54222E347100B8B3FB /* Debug */ = {
			isa = XCBuildConfiguration;
			buildSettings = {
				ALWAYS_SEARCH_USER_PATHS = NO;
				CLANG_ANALYZER_NONNULL = YES;
				CLANG_ANALYZER_NUMBER_OBJECT_CONVERSION = YES_AGGRESSIVE;
				CLANG_CXX_LANGUAGE_STANDARD = "gnu++14";
				CLANG_CXX_LIBRARY = "libc++";
				CLANG_ENABLE_MODULES = YES;
				CLANG_ENABLE_OBJC_ARC = YES;
				CLANG_ENABLE_OBJC_WEAK = YES;
				CLANG_WARN_BLOCK_CAPTURE_AUTORELEASING = YES;
				CLANG_WARN_BOOL_CONVERSION = YES;
				CLANG_WARN_COMMA = YES;
				CLANG_WARN_CONSTANT_CONVERSION = YES;
				CLANG_WARN_DEPRECATED_OBJC_IMPLEMENTATIONS = YES;
				CLANG_WARN_DIRECT_OBJC_ISA_USAGE = YES_ERROR;
				CLANG_WARN_DOCUMENTATION_COMMENTS = YES;
				CLANG_WARN_EMPTY_BODY = YES;
				CLANG_WARN_ENUM_CONVERSION = YES;
				CLANG_WARN_INFINITE_RECURSION = YES;
				CLANG_WARN_INT_CONVERSION = YES;
				CLANG_WARN_NON_LITERAL_NULL_CONVERSION = YES;
				CLANG_WARN_OBJC_IMPLICIT_RETAIN_SELF = YES;
				CLANG_WARN_OBJC_LITERAL_CONVERSION = YES;
				CLANG_WARN_OBJC_ROOT_CLASS = YES_ERROR;
				CLANG_WARN_RANGE_LOOP_ANALYSIS = YES;
				CLANG_WARN_STRICT_PROTOTYPES = YES;
				CLANG_WARN_SUSPICIOUS_MOVE = YES;
				CLANG_WARN_UNGUARDED_AVAILABILITY = YES_AGGRESSIVE;
				CLANG_WARN_UNREACHABLE_CODE = YES;
				CLANG_WARN__DUPLICATE_METHOD_MATCH = YES;
				CODE_SIGN_IDENTITY = "iPhone Developer";
				COPY_PHASE_STRIP = NO;
				DEBUG_INFORMATION_FORMAT = dwarf;
				ENABLE_STRICT_OBJC_MSGSEND = YES;
				ENABLE_TESTABILITY = YES;
				GCC_C_LANGUAGE_STANDARD = gnu11;
				GCC_DYNAMIC_NO_PIC = NO;
				GCC_NO_COMMON_BLOCKS = YES;
				GCC_OPTIMIZATION_LEVEL = 0;
				GCC_PREPROCESSOR_DEFINITIONS = (
					"DEBUG=1",
					"$(inherited)",
				);
				GCC_WARN_64_TO_32_BIT_CONVERSION = YES;
				GCC_WARN_ABOUT_RETURN_TYPE = YES_ERROR;
				GCC_WARN_UNDECLARED_SELECTOR = YES;
				GCC_WARN_UNINITIALIZED_AUTOS = YES_AGGRESSIVE;
				GCC_WARN_UNUSED_FUNCTION = YES;
				GCC_WARN_UNUSED_VARIABLE = YES;
				IPHONEOS_DEPLOYMENT_TARGET = 12.1;
				MTL_ENABLE_DEBUG_INFO = INCLUDE_SOURCE;
				MTL_FAST_MATH = YES;
				ONLY_ACTIVE_ARCH = YES;
				SDKROOT = iphoneos;
				SWIFT_ACTIVE_COMPILATION_CONDITIONS = DEBUG;
				SWIFT_OPTIMIZATION_LEVEL = "-Onone";
			};
			name = Debug;
		};
		46863B55222E347100B8B3FB /* Release */ = {
			isa = XCBuildConfiguration;
			buildSettings = {
				ALWAYS_SEARCH_USER_PATHS = NO;
				CLANG_ANALYZER_NONNULL = YES;
				CLANG_ANALYZER_NUMBER_OBJECT_CONVERSION = YES_AGGRESSIVE;
				CLANG_CXX_LANGUAGE_STANDARD = "gnu++14";
				CLANG_CXX_LIBRARY = "libc++";
				CLANG_ENABLE_MODULES = YES;
				CLANG_ENABLE_OBJC_ARC = YES;
				CLANG_ENABLE_OBJC_WEAK = YES;
				CLANG_WARN_BLOCK_CAPTURE_AUTORELEASING = YES;
				CLANG_WARN_BOOL_CONVERSION = YES;
				CLANG_WARN_COMMA = YES;
				CLANG_WARN_CONSTANT_CONVERSION = YES;
				CLANG_WARN_DEPRECATED_OBJC_IMPLEMENTATIONS = YES;
				CLANG_WARN_DIRECT_OBJC_ISA_USAGE = YES_ERROR;
				CLANG_WARN_DOCUMENTATION_COMMENTS = YES;
				CLANG_WARN_EMPTY_BODY = YES;
				CLANG_WARN_ENUM_CONVERSION = YES;
				CLANG_WARN_INFINITE_RECURSION = YES;
				CLANG_WARN_INT_CONVERSION = YES;
				CLANG_WARN_NON_LITERAL_NULL_CONVERSION = YES;
				CLANG_WARN_OBJC_IMPLICIT_RETAIN_SELF = YES;
				CLANG_WARN_OBJC_LITERAL_CONVERSION = YES;
				CLANG_WARN_OBJC_ROOT_CLASS = YES_ERROR;
				CLANG_WARN_RANGE_LOOP_ANALYSIS = YES;
				CLANG_WARN_STRICT_PROTOTYPES = YES;
				CLANG_WARN_SUSPICIOUS_MOVE = YES;
				CLANG_WARN_UNGUARDED_AVAILABILITY = YES_AGGRESSIVE;
				CLANG_WARN_UNREACHABLE_CODE = YES;
				CLANG_WARN__DUPLICATE_METHOD_MATCH = YES;
				CODE_SIGN_IDENTITY = "iPhone Developer";
				COPY_PHASE_STRIP = NO;
				DEBUG_INFORMATION_FORMAT = "dwarf-with-dsym";
				ENABLE_NS_ASSERTIONS = NO;
				ENABLE_STRICT_OBJC_MSGSEND = YES;
				GCC_C_LANGUAGE_STANDARD = gnu11;
				GCC_NO_COMMON_BLOCKS = YES;
				GCC_WARN_64_TO_32_BIT_CONVERSION = YES;
				GCC_WARN_ABOUT_RETURN_TYPE = YES_ERROR;
				GCC_WARN_UNDECLARED_SELECTOR = YES;
				GCC_WARN_UNINITIALIZED_AUTOS = YES_AGGRESSIVE;
				GCC_WARN_UNUSED_FUNCTION = YES;
				GCC_WARN_UNUSED_VARIABLE = YES;
				IPHONEOS_DEPLOYMENT_TARGET = 12.1;
				MTL_ENABLE_DEBUG_INFO = NO;
				MTL_FAST_MATH = YES;
				SDKROOT = iphoneos;
				SWIFT_COMPILATION_MODE = wholemodule;
				SWIFT_OPTIMIZATION_LEVEL = "-O";
				VALIDATE_PRODUCT = YES;
			};
			name = Release;
		};
		46863B57222E347100B8B3FB /* Debug */ = {
			isa = XCBuildConfiguration;
			buildSettings = {
				ASSETCATALOG_COMPILER_APPICON_NAME = AppIcon;
				CODE_SIGN_STYLE = Automatic;
				DEVELOPMENT_TEAM = B27B4KDKQS;
				INFOPLIST_FILE = WordSearchGenerator/Info.plist;
				LD_RUNPATH_SEARCH_PATHS = (
					"$(inherited)",
					"@executable_path/Frameworks",
				);
				PRODUCT_BUNDLE_IDENTIFIER = com.ljrocha.WordSearchGenerator;
				PRODUCT_NAME = "$(TARGET_NAME)";
				SWIFT_VERSION = 5.0;
				TARGETED_DEVICE_FAMILY = "1,2";
			};
			name = Debug;
		};
		46863B58222E347100B8B3FB /* Release */ = {
			isa = XCBuildConfiguration;
			buildSettings = {
				ASSETCATALOG_COMPILER_APPICON_NAME = AppIcon;
				CODE_SIGN_STYLE = Automatic;
				DEVELOPMENT_TEAM = B27B4KDKQS;
				INFOPLIST_FILE = WordSearchGenerator/Info.plist;
				LD_RUNPATH_SEARCH_PATHS = (
					"$(inherited)",
					"@executable_path/Frameworks",
				);
				PRODUCT_BUNDLE_IDENTIFIER = com.ljrocha.WordSearchGenerator;
				PRODUCT_NAME = "$(TARGET_NAME)";
				SWIFT_VERSION = 5.0;
				TARGETED_DEVICE_FAMILY = "1,2";
			};
			name = Release;
		};
		4698955F2315941800147B4D /* Debug */ = {
			isa = XCBuildConfiguration;
			buildSettings = {
				BUNDLE_LOADER = "$(TEST_HOST)";
				CODE_SIGN_STYLE = Automatic;
				DEVELOPMENT_TEAM = B27B4KDKQS;
				INFOPLIST_FILE = WordSearchGeneratorTests/Info.plist;
				IPHONEOS_DEPLOYMENT_TARGET = 12.4;
				LD_RUNPATH_SEARCH_PATHS = (
					"$(inherited)",
					"@executable_path/Frameworks",
					"@loader_path/Frameworks",
				);
				PRODUCT_BUNDLE_IDENTIFIER = com.ljrocha.WordSearchGeneratorTests;
				PRODUCT_NAME = "$(TARGET_NAME)";
				SWIFT_VERSION = 5.0;
				TARGETED_DEVICE_FAMILY = "1,2";
				TEST_HOST = "$(BUILT_PRODUCTS_DIR)/WordSearchGenerator.app/WordSearchGenerator";
			};
			name = Debug;
		};
		469895602315941800147B4D /* Release */ = {
			isa = XCBuildConfiguration;
			buildSettings = {
				BUNDLE_LOADER = "$(TEST_HOST)";
				CODE_SIGN_STYLE = Automatic;
				DEVELOPMENT_TEAM = B27B4KDKQS;
				INFOPLIST_FILE = WordSearchGeneratorTests/Info.plist;
				IPHONEOS_DEPLOYMENT_TARGET = 12.4;
				LD_RUNPATH_SEARCH_PATHS = (
					"$(inherited)",
					"@executable_path/Frameworks",
					"@loader_path/Frameworks",
				);
				PRODUCT_BUNDLE_IDENTIFIER = com.ljrocha.WordSearchGeneratorTests;
				PRODUCT_NAME = "$(TARGET_NAME)";
				SWIFT_VERSION = 5.0;
				TARGETED_DEVICE_FAMILY = "1,2";
				TEST_HOST = "$(BUILT_PRODUCTS_DIR)/WordSearchGenerator.app/WordSearchGenerator";
			};
			name = Release;
		};
/* End XCBuildConfiguration section */

/* Begin XCConfigurationList section */
		46863B3F222E347000B8B3FB /* Build configuration list for PBXProject "WordSearchGenerator" */ = {
			isa = XCConfigurationList;
			buildConfigurations = (
				46863B54222E347100B8B3FB /* Debug */,
				46863B55222E347100B8B3FB /* Release */,
			);
			defaultConfigurationIsVisible = 0;
			defaultConfigurationName = Release;
		};
		46863B56222E347100B8B3FB /* Build configuration list for PBXNativeTarget "WordSearchGenerator" */ = {
			isa = XCConfigurationList;
			buildConfigurations = (
				46863B57222E347100B8B3FB /* Debug */,
				46863B58222E347100B8B3FB /* Release */,
			);
			defaultConfigurationIsVisible = 0;
			defaultConfigurationName = Release;
		};
		469895612315941800147B4D /* Build configuration list for PBXNativeTarget "WordSearchGeneratorTests" */ = {
			isa = XCConfigurationList;
			buildConfigurations = (
				4698955F2315941800147B4D /* Debug */,
				469895602315941800147B4D /* Release */,
			);
			defaultConfigurationIsVisible = 0;
			defaultConfigurationName = Release;
		};
/* End XCConfigurationList section */
	};
	rootObject = 46863B3C222E347000B8B3FB /* Project object */;
}
